<?xml version="1.0" encoding="utf-8"?>
<Project ToolsVersion="4.0" xmlns="http://schemas.microsoft.com/developer/msbuild/2003">
  <ItemGroup>
    <ClCompile Include="src\main.cpp" />
    <ClCompile Include="src\ofApp.cpp" />
    <ClCompile Include="src\pch_ofApp.cpp" />
    <ClCompile Include="src\Data\StewartPlatform.cpp">
      <Filter>Data</Filter>
    </ClCompile>
  </ItemGroup>
  <ItemGroup>
    <ClInclude Include="src\ofApp.h" />
    <ClInclude Include="src\pch_ofApp.h" />
    <ClInclude Include="src\Constants.h" />
    <ClInclude Include="src\Data\StewartPlatform.h">
      <Filter>Data</Filter>
    </ClInclude>
  </ItemGroup>
  <ItemGroup>
    <ResourceCompile Include="icon.rc" />
  </ItemGroup>
  <ItemGroup>
    <Filter Include="Data">
      <UniqueIdentifier>{fa5466b5-9591-470f-8fb6-58489cbe0901}</UniqueIdentifier>
    </Filter>
  </ItemGroup>
</Project>