<?xml version="1.0" encoding="utf-8"?>
<Project ToolsVersion="4.0" xmlns="http://schemas.microsoft.com/developer/msbuild/2003">
  <ItemGroup>
    <ClCompile Include="src\ofApp.cpp">
      <Filter>src</Filter>
    </ClCompile>
    <ClCompile Include="src\pch_ofApp.cpp">
      <Filter>src</Filter>
    </ClCompile>
    <ClCompile Include="src\Data\Serializable.cpp">
      <Filter>src\Data</Filter>
    </ClCompile>
    <ClCompile Include="src\main.cpp">
      <Filter>src</Filter>
    </ClCompile>
    <ClCompile Include="src\Scene.cpp">
      <Filter>src</Filter>
    </ClCompile>
    <ClCompile Include="src\Elements\Boundaries\Flat.cpp">
      <Filter>src\Elements\Boundaries</Filter>
    </ClCompile>
    <ClCompile Include="src\Elements\Base.cpp">
      <Filter>src\Elements</Filter>
    </ClCompile>
    <ClCompile Include="src\Elements\PointSource.cpp">
      <Filter>src\Elements</Filter>
    </ClCompile>
    <ClCompile Include="src\Elements\Boundaries\Base.cpp">
      <Filter>src\Elements\Boundaries</Filter>
    </ClCompile>
    <ClCompile Include="src\Elements\Boundaries\Mesh.cpp">
      <Filter>src\Elements\Boundaries</Filter>
    </ClCompile>
    <ClCompile Include="src\Models\OpticalSystem.cpp">
      <Filter>src\Models</Filter>
    </ClCompile>
    <ClCompile Include="src\Solvers\OpticalSystemSolver.cpp">
      <Filter>src\Solvers</Filter>
    </ClCompile>
    <ClCompile Include="src\Elements\Target.cpp">
      <Filter>src\Elements</Filter>
    </ClCompile>
  </ItemGroup>
  <ItemGroup>
    <Filter Include="src">
      <UniqueIdentifier>{d8376475-7454-4a24-b08a-aac121d3ad6f}</UniqueIdentifier>
    </Filter>
    <Filter Include="addons">
      <UniqueIdentifier>{ed21f078-c663-41cf-9349-9f5b5b93c06a}</UniqueIdentifier>
    </Filter>
    <Filter Include="src\Data">
      <UniqueIdentifier>{7e929f45-bc70-42b7-9c9e-4517a8e0f787}</UniqueIdentifier>
    </Filter>
    <Filter Include="src\Elements">
      <UniqueIdentifier>{dc7676ca-422a-435e-9e38-db37335bb2e0}</UniqueIdentifier>
    </Filter>
    <Filter Include="src\Elements\Boundaries">
      <UniqueIdentifier>{6454c289-c982-46f4-8fe0-d8233af18937}</UniqueIdentifier>
    </Filter>
    <Filter Include="src\Models">
      <UniqueIdentifier>{fa8bc460-c3fb-4261-b499-d13a15329576}</UniqueIdentifier>
    </Filter>
    <Filter Include="src\Solvers">
      <UniqueIdentifier>{c2f07d64-30ff-4936-ac57-b4e56957e927}</UniqueIdentifier>
    </Filter>
  </ItemGroup>
  <ItemGroup>
    <ClInclude Include="src\ofApp.h">
      <Filter>src</Filter>
    </ClInclude>
    <ClInclude Include="src\pch_ofApp.h">
      <Filter>src</Filter>
    </ClInclude>
    <ClInclude Include="src\Data\Serializable.h">
      <Filter>src\Data</Filter>
    </ClInclude>
    <ClInclude Include="src\Scene.h">
      <Filter>src</Filter>
    </ClInclude>
    <ClInclude Include="src\Elements\Boundaries\Flat.h">
      <Filter>src\Elements\Boundaries</Filter>
    </ClInclude>
    <ClInclude Include="src\Elements\Base.h">
      <Filter>src\Elements</Filter>
    </ClInclude>
    <ClInclude Include="src\Elements\PointSource.h">
      <Filter>src\Elements</Filter>
    </ClInclude>
    <ClInclude Include="src\Elements\Boundaries\Base.h">
      <Filter>src\Elements\Boundaries</Filter>
    </ClInclude>
    <ClInclude Include="src\Models\Ray.h">
      <Filter>src\Models</Filter>
    </ClInclude>
    <ClInclude Include="src\Models\FlatBoundary.h">
      <Filter>src\Models</Filter>
    </ClInclude>
    <ClInclude Include="src\Elements\Boundaries\Mesh.h">
      <Filter>src\Elements\Boundaries</Filter>
    </ClInclude>
    <ClInclude Include="src\Models\MeshBoundary.h">
      <Filter>src\Models</Filter>
    </ClInclude>
    <ClInclude Include="src\Models\OpticalSystem.h">
      <Filter>src\Models</Filter>
    </ClInclude>
    <ClInclude Include="src\Models\OpticalElement.h">
      <Filter>src\Models</Filter>
    </ClInclude>
    <ClInclude Include="src\Solvers\OpticalSystemSolver.h">
      <Filter>src\Solvers</Filter>
    </ClInclude>
    <ClInclude Include="src\Elements\Target.h">
      <Filter>src\Elements</Filter>
    </ClInclude>
  </ItemGroup>
  <ItemGroup>
    <ResourceCompile Include="icon.rc" />
  </ItemGroup>
</Project>