Microsoft Visual Studio Solution File, Format Version 12.00
# Visual Studio Version 16
VisualStudioVersion = 16.0.31729.503
MinimumVisualStudioVersion = 10.0.40219.1
Project("{8BC9CEB8-8B4A-11D0-8D11-00A0C91BC942}") = "Example_LensDesigner", "Example_LensDesigner.vcxproj", "{7FD42DF7-442E-479A-BA76-D0022F99702A}"
EndProject
Project("{8BC9CEB8-8B4A-11D0-8D11-00A0C91BC942}") = "openframeworksLib", "..\..\..\libs\openFrameworksCompiled\project\vs\openframeworksLib.vcxproj", "{5837595D-ACA9-485C-8E76-729040CE4B0B}"
EndProject
Project("{8BC9CEB8-8B4A-11D0-8D11-00A0C91BC942}") = "ofxCeresLib", "..\ofxCeresLib\ofxCeresLib.vcxproj", "{C42C2AF8-BB13-4FE4-81A5-41CD314F4FDE}"
EndProject
Project("{8BC9CEB8-8B4A-11D0-8D11-00A0C91BC942}") = "ofxCvGuiLib", "..\..\ofxCvGui\ofxCvGuiLib\ofxCvGuiLib.vcxproj", "{6F0DDB4F-4014-4433-919B-9D956C034BAD}"
EndProject
Project("{8BC9CEB8-8B4A-11D0-8D11-00A0C91BC942}") = "ofxPluginLib", "..\..\ofxPlugin\ofxPluginLib\ofxPluginLib.vcxproj", "{68B9239B-5AE6-45C0-B1CB-6FC6B58BB6EE}"
EndProject
Global
	GlobalSection(SolutionConfigurationPlatforms) = preSolution
		Debug|Win32 = Debug|Win32
		Debug|x64 = Debug|x64
		Release|Win32 = Release|Win32
		Release|x64 = Release|x64
	EndGlobalSection
	GlobalSection(ProjectConfigurationPlatforms) = postSolution
		{7FD42DF7-442E-479A-BA76-D0022F99702A}.Debug|Win32.ActiveCfg = Debug|Win32
		{7FD42DF7-442E-479A-BA76-D0022F99702A}.Debug|Win32.Build.0 = Debug|Win32
		{7FD42DF7-442E-479A-BA76-D0022F99702A}.Debug|x64.ActiveCfg = Debug|x64
		{7FD42DF7-442E-479A-BA76-D0022F99702A}.Debug|x64.Build.0 = Debug|x64
		{7FD42DF7-442E-479A-BA76-D0022F99702A}.Release|Win32.ActiveCfg = Release|Win32
		{7FD42DF7-442E-479A-BA76-D0022F99702A}.Release|Win32.Build.0 = Release|Win32
		{7FD42DF7-442E-479A-BA76-D0022F99702A}.Release|x64.ActiveCfg = Release|x64
		{7FD42DF7-442E-479A-BA76-D0022F99702A}.Release|x64.Build.0 = Release|x64
		{5837595D-ACA9-485C-8E76-729040CE4B0B}.Debug|Win32.ActiveCfg = Debug|Win32
		{5837595D-ACA9-485C-8E76-729040CE4B0B}.Debug|Win32.Build.0 = Debug|Win32
		{5837595D-ACA9-485C-8E76-729040CE4B0B}.Debug|x64.ActiveCfg = Debug|x64
		{5837595D-ACA9-485C-8E76-729040CE4B0B}.Debug|x64.Build.0 = Debug|x64
		{5837595D-ACA9-485C-8E76-729040CE4B0B}.Release|Win32.ActiveCfg = Release|Win32
		{5837595D-ACA9-485C-8E76-729040CE4B0B}.Release|Win32.Build.0 = Release|Win32
		{5837595D-ACA9-485C-8E76-729040CE4B0B}.Release|x64.ActiveCfg = Release|x64
		{5837595D-ACA9-485C-8E76-729040CE4B0B}.Release|x64.Build.0 = Release|x64
		{C42C2AF8-BB13-4FE4-81A5-41CD314F4FDE}.Debug|Win32.ActiveCfg = Debug|Win32
		{C42C2AF8-BB13-4FE4-81A5-41CD314F4FDE}.Debug|Win32.Build.0 = Debug|Win32
		{C42C2AF8-BB13-4FE4-81A5-41CD314F4FDE}.Debug|x64.ActiveCfg = Debug|x64
		{C42C2AF8-BB13-4FE4-81A5-41CD314F4FDE}.Debug|x64.Build.0 = Debug|x64
		{C42C2AF8-BB13-4FE4-81A5-41CD314F4FDE}.Release|Win32.ActiveCfg = Release|Win32
		{C42C2AF8-BB13-4FE4-81A5-41CD314F4FDE}.Release|Win32.Build.0 = Release|Win32
		{C42C2AF8-BB13-4FE4-81A5-41CD314F4FDE}.Release|x64.ActiveCfg = Release|x64
		{C42C2AF8-BB13-4FE4-81A5-41CD314F4FDE}.Release|x64.Build.0 = Release|x64
		{6F0DDB4F-4014-4433-919B-9D956C034BAD}.Debug|Win32.ActiveCfg = Debug|Win32
		{6F0DDB4F-4014-4433-919B-9D956C034BAD}.Debug|Win32.Build.0 = Debug|Win32
		{6F0DDB4F-4014-4433-919B-9D956C034BAD}.Debug|x64.ActiveCfg = Debug|x64
		{6F0DDB4F-4014-4433-919B-9D956C034BAD}.Debug|x64.Build.0 = Debug|x64
		{6F0DDB4F-4014-4433-919B-9D956C034BAD}.Release|Win32.ActiveCfg = Release|Win32
		{6F0DDB4F-4014-4433-919B-9D956C034BAD}.Release|Win32.Build.0 = Release|Win32
		{6F0DDB4F-4014-4433-919B-9D956C034BAD}.Release|x64.ActiveCfg = Release|x64
		{6F0DDB4F-4014-4433-919B-9D956C034BAD}.Release|x64.Build.0 = Release|x64
		{68B9239B-5AE6-45C0-B1CB-6FC6B58BB6EE}.Debug|Win32.ActiveCfg = Debug|Win32
		{68B9239B-5AE6-45C0-B1CB-6FC6B58BB6EE}.Debug|Win32.Build.0 = Debug|Win32
		{68B9239B-5AE6-45C0-B1CB-6FC6B58BB6EE}.Debug|x64.ActiveCfg = Debug|x64
		{68B9239B-5AE6-45C0-B1CB-6FC6B58BB6EE}.Debug|x64.Build.0 = Debug|x64
		{68B9239B-5AE6-45C0-B1CB-6FC6B58BB6EE}.Release|Win32.ActiveCfg = Release|Win32
		{68B9239B-5AE6-45C0-B1CB-6FC6B58BB6EE}.Release|Win32.Build.0 = Release|Win32
		{68B9239B-5AE6-45C0-B1CB-6FC6B58BB6EE}.Release|x64.ActiveCfg = Release|x64
		{68B9239B-5AE6-45C0-B1CB-6FC6B58BB6EE}.Release|x64.Build.0 = Release|x64
	EndGlobalSection
	GlobalSection(SolutionProperties) = preSolution
		HideSolutionNode = FALSE
	EndGlobalSection
	GlobalSection(ExtensibilityGlobals) = postSolution
		SolutionGuid = {291D62A9-E4C3-4956-AD54-5FA6E017D6F7}
	EndGlobalSection
EndGlobal
