<?xml version="1.0" encoding="utf-8"?>
<Project ToolsVersion="4.0" xmlns="http://schemas.microsoft.com/developer/msbuild/2003">
  <ItemGroup>
    <ClCompile Include="src\ofApp.cpp">
      <Filter>src</Filter>
    </ClCompile>
    <ClCompile Include="src\main.cpp">
      <Filter>src</Filter>
    </ClCompile>
    <ClCompile Include="src\pch_ofApp.cpp">
      <Filter>src</Filter>
    </ClCompile>
    <ClCompile Include="src\Data\Serializable.cpp">
      <Filter>src\Data</Filter>
    </ClCompile>
    <ClCompile Include="src\Data\AbstractCalibrationPointSet.cpp">
      <Filter>src\Data</Filter>
    </ClCompile>
    <ClCompile Include="src\Data\AbstractCalibrationPoint.cpp">
      <Filter>src\Data</Filter>
    </ClCompile>
    <ClCompile Include="src\Widgets\PanTiltTrackpad.cpp">
      <Filter>src\Widgets</Filter>
    </ClCompile>
    <ClCompile Include="src\Scene.cpp">
      <Filter>src</Filter>
    </ClCompile>
    <ClCompile Include="src\Exception.cpp">
      <Filter>src</Filter>
    </ClCompile>
    <ClCompile Include="..\..\ofxAssimpModelLoader\src\ofxAssimpMeshHelper.cpp">
      <Filter>addons\ofxAssimpModelLoader\src</Filter>
    </ClCompile>
    <ClCompile Include="..\..\ofxAssimpModelLoader\src\ofxAssimpModelLoader.cpp">
      <Filter>addons\ofxAssimpModelLoader\src</Filter>
    </ClCompile>
    <ClCompile Include="..\..\ofxAssimpModelLoader\src\ofxAssimpTexture.cpp">
      <Filter>addons\ofxAssimpModelLoader\src</Filter>
    </ClCompile>
    <ClCompile Include="..\..\ofxAssimpModelLoader\src\ofxAssimpAnimation.cpp">
      <Filter>addons\ofxAssimpModelLoader\src</Filter>
    </ClCompile>
    <ClCompile Include="src\Markers.cpp">
      <Filter>src</Filter>
    </ClCompile>
    <ClCompile Include="src\Mesh.cpp">
      <Filter>src</Filter>
    </ClCompile>
    <ClCompile Include="src\GroupSolve.cpp">
      <Filter>src</Filter>
    </ClCompile>
    <ClCompile Include="src\DMX\Channel.cpp">
      <Filter>src\DMX</Filter>
    </ClCompile>
    <ClCompile Include="src\DMX\Fixture.cpp">
      <Filter>src\DMX</Filter>
    </ClCompile>
    <ClCompile Include="src\DMX\Sharpy.cpp">
      <Filter>src\DMX</Filter>
    </ClCompile>
    <ClCompile Include="src\DMX\EnttecUSBPro.cpp">
      <Filter>src\DMX</Filter>
    </ClCompile>
    <ClCompile Include="src\Calibration\Model.cpp">
      <Filter>src\Calibration</Filter>
    </ClCompile>
    <ClCompile Include="src\Calibration\Solver.cpp">
      <Filter>src\Calibration</Filter>
    </ClCompile>
    <ClCompile Include="src\Calibration\DataPoint.cpp">
      <Filter>src\Calibration</Filter>
    </ClCompile>
    <ClCompile Include="src\DMX\FixtureFactory.cpp">
      <Filter>src\DMX</Filter>
    </ClCompile>
    <ClCompile Include="src\DMX\Pointe.cpp">
      <Filter>src\DMX</Filter>
    </ClCompile>
    <ClCompile Include="..\..\ofxOsc\src\ofxOscBundle.cpp">
      <Filter>addons\ofxOsc\src</Filter>
    </ClCompile>
    <ClCompile Include="..\..\ofxOsc\src\ofxOscMessage.cpp">
      <Filter>addons\ofxOsc\src</Filter>
    </ClCompile>
    <ClCompile Include="..\..\ofxOsc\src\ofxOscParameterSync.cpp">
      <Filter>addons\ofxOsc\src</Filter>
    </ClCompile>
    <ClCompile Include="..\..\ofxOsc\src\ofxOscReceiver.cpp">
      <Filter>addons\ofxOsc\src</Filter>
    </ClCompile>
    <ClCompile Include="..\..\ofxOsc\src\ofxOscSender.cpp">
      <Filter>addons\ofxOsc\src</Filter>
    </ClCompile>
    <ClCompile Include="..\..\ofxOsc\libs\oscpack\src\ip\IpEndpointName.cpp">
      <Filter>addons\ofxOsc\libs\oscpack\src\ip</Filter>
    </ClCompile>
    <ClCompile Include="..\..\ofxOsc\libs\oscpack\src\ip\win32\UdpSocket.cpp">
      <Filter>addons\ofxOsc\libs\oscpack\src\ip\win32</Filter>
    </ClCompile>
    <ClCompile Include="..\..\ofxOsc\libs\oscpack\src\ip\win32\NetworkingUtils.cpp">
      <Filter>addons\ofxOsc\libs\oscpack\src\ip\win32</Filter>
    </ClCompile>
    <ClCompile Include="..\..\ofxOsc\libs\oscpack\src\osc\OscTypes.cpp">
      <Filter>addons\ofxOsc\libs\oscpack\src\osc</Filter>
    </ClCompile>
    <ClCompile Include="..\..\ofxOsc\libs\oscpack\src\osc\OscOutboundPacketStream.cpp">
      <Filter>addons\ofxOsc\libs\oscpack\src\osc</Filter>
    </ClCompile>
    <ClCompile Include="..\..\ofxOsc\libs\oscpack\src\osc\OscPrintReceivedElements.cpp">
      <Filter>addons\ofxOsc\libs\oscpack\src\osc</Filter>
    </ClCompile>
    <ClCompile Include="..\..\ofxOsc\libs\oscpack\src\osc\OscReceivedElements.cpp">
      <Filter>addons\ofxOsc\libs\oscpack\src\osc</Filter>
    </ClCompile>
    <ClCompile Include="src\GroupControl.cpp">
      <Filter>src</Filter>
    </ClCompile>
    <ClCompile Include="src\OSC\Router.cpp">
      <Filter>src\OSC</Filter>
    </ClCompile>
    <ClCompile Include="src\OSC\Path.cpp">
      <Filter>src\OSC</Filter>
    </ClCompile>
    <ClCompile Include="src\DMX\MovingHead.cpp">
      <Filter>src\DMX</Filter>
    </ClCompile>
    <ClCompile Include="src\MarkerInWorld.cpp">
      <Filter>src</Filter>
    </ClCompile>
    <ClCompile Include="src\DMX\VL6000.cpp">
      <Filter>src\DMX</Filter>
    </ClCompile>
    <ClCompile Include="src\DMX\VL10.cpp">
      <Filter>src\DMX</Filter>
    </ClCompile>
  </ItemGroup>
  <ItemGroup>
    <Filter Include="src">
      <UniqueIdentifier>{d8376475-7454-4a24-b08a-aac121d3ad6f}</UniqueIdentifier>
    </Filter>
    <Filter Include="addons">
      <UniqueIdentifier>{ed21f078-c663-41cf-9349-9f5b5b93c06a}</UniqueIdentifier>
    </Filter>
    <Filter Include="src\Data">
      <UniqueIdentifier>{7e929f45-bc70-42b7-9c9e-4517a8e0f787}</UniqueIdentifier>
    </Filter>
    <Filter Include="src\Widgets">
      <UniqueIdentifier>{9c6b5dbf-177c-4be5-b0e5-1e3524567ccf}</UniqueIdentifier>
    </Filter>
    <Filter Include="addons\ofxAssimpModelLoader">
      <UniqueIdentifier>{07a0b9e1-f0a2-4ecc-a294-166baf8e9965}</UniqueIdentifier>
    </Filter>
    <Filter Include="addons\ofxAssimpModelLoader\src">
      <UniqueIdentifier>{7048e973-f783-4c1e-925b-8b011eb4bb48}</UniqueIdentifier>
    </Filter>
    <Filter Include="addons\ofxAssimpModelLoader\libs">
      <UniqueIdentifier>{72eae029-2047-477d-8660-46cd2b323cb7}</UniqueIdentifier>
    </Filter>
    <Filter Include="addons\ofxAssimpModelLoader\libs\assimp">
      <UniqueIdentifier>{81b86f1e-cb48-4839-8361-c83c6e609ce3}</UniqueIdentifier>
    </Filter>
    <Filter Include="addons\ofxAssimpModelLoader\libs\assimp\include">
      <UniqueIdentifier>{6b352e46-a914-4fd7-a31e-4b452ff38c69}</UniqueIdentifier>
    </Filter>
    <Filter Include="addons\ofxAssimpModelLoader\libs\assimp\include\assimp">
      <UniqueIdentifier>{80a4a7f7-73ce-4e95-9fc2-874bbe16d634}</UniqueIdentifier>
    </Filter>
    <Filter Include="addons\ofxAssimpModelLoader\libs\assimp\include\assimp\Compiler">
      <UniqueIdentifier>{a90f9e08-bd91-42ff-8ec8-69f0cc01c473}</UniqueIdentifier>
    </Filter>
    <Filter Include="src\DMX">
      <UniqueIdentifier>{493d3037-0c96-40be-b99f-7af456d13334}</UniqueIdentifier>
    </Filter>
    <Filter Include="src\Calibration">
      <UniqueIdentifier>{0e9bba16-1665-4fd9-9b3b-bca70e777a40}</UniqueIdentifier>
    </Filter>
    <Filter Include="addons\ofxOsc">
      <UniqueIdentifier>{50827913-4c10-4768-9e2d-e6d36e1b3403}</UniqueIdentifier>
    </Filter>
    <Filter Include="addons\ofxOsc\src">
      <UniqueIdentifier>{8fa5e1a7-2317-4060-8186-6e7c01e5d5c2}</UniqueIdentifier>
    </Filter>
    <Filter Include="addons\ofxOsc\libs">
      <UniqueIdentifier>{f7e89543-c783-432e-87e4-a42e12473fea}</UniqueIdentifier>
    </Filter>
    <Filter Include="addons\ofxOsc\libs\oscpack">
      <UniqueIdentifier>{edabfac1-f205-42f2-81cc-2a0bba65a50a}</UniqueIdentifier>
    </Filter>
    <Filter Include="addons\ofxOsc\libs\oscpack\src">
      <UniqueIdentifier>{281d34ec-c481-444f-a0f2-cefc1e75183e}</UniqueIdentifier>
    </Filter>
    <Filter Include="addons\ofxOsc\libs\oscpack\src\ip">
      <UniqueIdentifier>{f1435643-80bc-43e2-92d7-c26b40fed708}</UniqueIdentifier>
    </Filter>
    <Filter Include="addons\ofxOsc\libs\oscpack\src\ip\win32">
      <UniqueIdentifier>{120a4345-b438-4d81-b9d9-b9495c9f66e6}</UniqueIdentifier>
    </Filter>
    <Filter Include="addons\ofxOsc\libs\oscpack\src\osc">
      <UniqueIdentifier>{1ea2ef13-e128-4585-832b-c38ce05bf1f5}</UniqueIdentifier>
    </Filter>
    <Filter Include="src\OSC">
      <UniqueIdentifier>{5925c99f-348f-4660-aa1d-16dfd53e3cdc}</UniqueIdentifier>
    </Filter>
  </ItemGroup>
  <ItemGroup>
    <ClInclude Include="src\ofApp.h">
      <Filter>src</Filter>
    </ClInclude>
    <ClInclude Include="src\pch_ofApp.h">
      <Filter>src</Filter>
    </ClInclude>
    <ClInclude Include="src\Data\Serializable.h">
      <Filter>src\Data</Filter>
    </ClInclude>
    <ClInclude Include="src\Data\AbstractCalibrationPointSet.h">
      <Filter>src\Data</Filter>
    </ClInclude>
    <ClInclude Include="src\Data\CalibrationPointSet.h">
      <Filter>src\Data</Filter>
    </ClInclude>
    <ClInclude Include="src\Data\AbstractCalibrationPoint.h">
      <Filter>src\Data</Filter>
    </ClInclude>
    <ClInclude Include="src\Widgets\PanTiltTrackpad.h">
      <Filter>src\Widgets</Filter>
    </ClInclude>
    <ClInclude Include="src\Scene.h">
      <Filter>src</Filter>
    </ClInclude>
    <ClInclude Include="src\Exception.h">
      <Filter>src</Filter>
    </ClInclude>
    <ClInclude Include="..\..\ofxAssimpModelLoader\src\ofxAssimpAnimation.h">
      <Filter>addons\ofxAssimpModelLoader\src</Filter>
    </ClInclude>
    <ClInclude Include="..\..\ofxAssimpModelLoader\src\ofxAssimpMeshHelper.h">
      <Filter>addons\ofxAssimpModelLoader\src</Filter>
    </ClInclude>
    <ClInclude Include="..\..\ofxAssimpModelLoader\src\ofxAssimpModelLoader.h">
      <Filter>addons\ofxAssimpModelLoader\src</Filter>
    </ClInclude>
    <ClInclude Include="..\..\ofxAssimpModelLoader\src\ofxAssimpTexture.h">
      <Filter>addons\ofxAssimpModelLoader\src</Filter>
    </ClInclude>
    <ClInclude Include="..\..\ofxAssimpModelLoader\src\ofxAssimpUtils.h">
      <Filter>addons\ofxAssimpModelLoader\src</Filter>
    </ClInclude>
    <ClInclude Include="..\..\ofxAssimpModelLoader\libs\assimp\assimp\include\assimp\cexport.h">
      <Filter>addons\ofxAssimpModelLoader\libs\assimp\include\assimp</Filter>
    </ClInclude>
    <ClInclude Include="..\..\ofxAssimpModelLoader\libs\assimp\assimp\include\assimp\cfileio.h">
      <Filter>addons\ofxAssimpModelLoader\libs\assimp\include\assimp</Filter>
    </ClInclude>
    <ClInclude Include="..\..\ofxAssimpModelLoader\libs\assimp\assimp\include\assimp\cimport.h">
      <Filter>addons\ofxAssimpModelLoader\libs\assimp\include\assimp</Filter>
    </ClInclude>
    <ClInclude Include="..\..\ofxAssimpModelLoader\libs\assimp\assimp\include\assimp\color4.h">
      <Filter>addons\ofxAssimpModelLoader\libs\assimp\include\assimp</Filter>
    </ClInclude>
    <ClInclude Include="..\..\ofxAssimpModelLoader\libs\assimp\assimp\include\assimp\config.h">
      <Filter>addons\ofxAssimpModelLoader\libs\assimp\include\assimp</Filter>
    </ClInclude>
    <ClInclude Include="..\..\ofxAssimpModelLoader\libs\assimp\assimp\include\assimp\DefaultIOStream.h">
      <Filter>addons\ofxAssimpModelLoader\libs\assimp\include\assimp</Filter>
    </ClInclude>
    <ClInclude Include="..\..\ofxAssimpModelLoader\libs\assimp\assimp\include\assimp\DefaultIOSystem.h">
      <Filter>addons\ofxAssimpModelLoader\libs\assimp\include\assimp</Filter>
    </ClInclude>
    <ClInclude Include="..\..\ofxAssimpModelLoader\libs\assimp\assimp\include\assimp\DefaultLogger.hpp">
      <Filter>addons\ofxAssimpModelLoader\libs\assimp\include\assimp</Filter>
    </ClInclude>
    <ClInclude Include="..\..\ofxAssimpModelLoader\libs\assimp\assimp\include\assimp\Defines.h">
      <Filter>addons\ofxAssimpModelLoader\libs\assimp\include\assimp</Filter>
    </ClInclude>
    <ClInclude Include="..\..\ofxAssimpModelLoader\libs\assimp\assimp\include\assimp\defs.h">
      <Filter>addons\ofxAssimpModelLoader\libs\assimp\include\assimp</Filter>
    </ClInclude>
    <ClInclude Include="..\..\ofxAssimpModelLoader\libs\assimp\assimp\include\assimp\Exporter.hpp">
      <Filter>addons\ofxAssimpModelLoader\libs\assimp\include\assimp</Filter>
    </ClInclude>
    <ClInclude Include="..\..\ofxAssimpModelLoader\libs\assimp\assimp\include\assimp\Importer.hpp">
      <Filter>addons\ofxAssimpModelLoader\libs\assimp\include\assimp</Filter>
    </ClInclude>
    <ClInclude Include="..\..\ofxAssimpModelLoader\libs\assimp\assimp\include\assimp\importerdesc.h">
      <Filter>addons\ofxAssimpModelLoader\libs\assimp\include\assimp</Filter>
    </ClInclude>
    <ClInclude Include="..\..\ofxAssimpModelLoader\libs\assimp\assimp\include\assimp\IOStream.hpp">
      <Filter>addons\ofxAssimpModelLoader\libs\assimp\include\assimp</Filter>
    </ClInclude>
    <ClInclude Include="..\..\ofxAssimpModelLoader\libs\assimp\assimp\include\assimp\IOSystem.hpp">
      <Filter>addons\ofxAssimpModelLoader\libs\assimp\include\assimp</Filter>
    </ClInclude>
    <ClInclude Include="..\..\ofxAssimpModelLoader\libs\assimp\assimp\include\assimp\light.h">
      <Filter>addons\ofxAssimpModelLoader\libs\assimp\include\assimp</Filter>
    </ClInclude>
    <ClInclude Include="..\..\ofxAssimpModelLoader\libs\assimp\assimp\include\assimp\Logger.hpp">
      <Filter>addons\ofxAssimpModelLoader\libs\assimp\include\assimp</Filter>
    </ClInclude>
    <ClInclude Include="..\..\ofxAssimpModelLoader\libs\assimp\assimp\include\assimp\LogStream.hpp">
      <Filter>addons\ofxAssimpModelLoader\libs\assimp\include\assimp</Filter>
    </ClInclude>
    <ClInclude Include="..\..\ofxAssimpModelLoader\libs\assimp\assimp\include\assimp\material.h">
      <Filter>addons\ofxAssimpModelLoader\libs\assimp\include\assimp</Filter>
    </ClInclude>
    <ClInclude Include="..\..\ofxAssimpModelLoader\libs\assimp\assimp\include\assimp\matrix3x3.h">
      <Filter>addons\ofxAssimpModelLoader\libs\assimp\include\assimp</Filter>
    </ClInclude>
    <ClInclude Include="..\..\ofxAssimpModelLoader\libs\assimp\assimp\include\assimp\matrix4x4.h">
      <Filter>addons\ofxAssimpModelLoader\libs\assimp\include\assimp</Filter>
    </ClInclude>
    <ClInclude Include="..\..\ofxAssimpModelLoader\libs\assimp\assimp\include\assimp\mesh.h">
      <Filter>addons\ofxAssimpModelLoader\libs\assimp\include\assimp</Filter>
    </ClInclude>
    <ClInclude Include="..\..\ofxAssimpModelLoader\libs\assimp\assimp\include\assimp\metadata.h">
      <Filter>addons\ofxAssimpModelLoader\libs\assimp\include\assimp</Filter>
    </ClInclude>
    <ClInclude Include="..\..\ofxAssimpModelLoader\libs\assimp\assimp\include\assimp\NullLogger.hpp">
      <Filter>addons\ofxAssimpModelLoader\libs\assimp\include\assimp</Filter>
    </ClInclude>
    <ClInclude Include="..\..\ofxAssimpModelLoader\libs\assimp\assimp\include\assimp\postprocess.h">
      <Filter>addons\ofxAssimpModelLoader\libs\assimp\include\assimp</Filter>
    </ClInclude>
    <ClInclude Include="..\..\ofxAssimpModelLoader\libs\assimp\assimp\include\assimp\ProgressHandler.hpp">
      <Filter>addons\ofxAssimpModelLoader\libs\assimp\include\assimp</Filter>
    </ClInclude>
    <ClInclude Include="..\..\ofxAssimpModelLoader\libs\assimp\assimp\include\assimp\quaternion.h">
      <Filter>addons\ofxAssimpModelLoader\libs\assimp\include\assimp</Filter>
    </ClInclude>
    <ClInclude Include="..\..\ofxAssimpModelLoader\libs\assimp\assimp\include\assimp\scene.h">
      <Filter>addons\ofxAssimpModelLoader\libs\assimp\include\assimp</Filter>
    </ClInclude>
    <ClInclude Include="..\..\ofxAssimpModelLoader\libs\assimp\assimp\include\assimp\SceneCombiner.h">
      <Filter>addons\ofxAssimpModelLoader\libs\assimp\include\assimp</Filter>
    </ClInclude>
    <ClInclude Include="..\..\ofxAssimpModelLoader\libs\assimp\assimp\include\assimp\texture.h">
      <Filter>addons\ofxAssimpModelLoader\libs\assimp\include\assimp</Filter>
    </ClInclude>
    <ClInclude Include="..\..\ofxAssimpModelLoader\libs\assimp\assimp\include\assimp\types.h">
      <Filter>addons\ofxAssimpModelLoader\libs\assimp\include\assimp</Filter>
    </ClInclude>
    <ClInclude Include="..\..\ofxAssimpModelLoader\libs\assimp\assimp\include\assimp\vector2.h">
      <Filter>addons\ofxAssimpModelLoader\libs\assimp\include\assimp</Filter>
    </ClInclude>
    <ClInclude Include="..\..\ofxAssimpModelLoader\libs\assimp\assimp\include\assimp\vector3.h">
      <Filter>addons\ofxAssimpModelLoader\libs\assimp\include\assimp</Filter>
    </ClInclude>
    <ClInclude Include="..\..\ofxAssimpModelLoader\libs\assimp\assimp\include\assimp\version.h">
      <Filter>addons\ofxAssimpModelLoader\libs\assimp\include\assimp</Filter>
    </ClInclude>
    <ClInclude Include="..\..\ofxAssimpModelLoader\libs\assimp\assimp\include\assimp\ai_assert.h">
      <Filter>addons\ofxAssimpModelLoader\libs\assimp\include\assimp</Filter>
    </ClInclude>
    <ClInclude Include="..\..\ofxAssimpModelLoader\libs\assimp\assimp\include\assimp\anim.h">
      <Filter>addons\ofxAssimpModelLoader\libs\assimp\include\assimp</Filter>
    </ClInclude>
    <ClInclude Include="..\..\ofxAssimpModelLoader\libs\assimp\assimp\include\assimp\camera.h">
      <Filter>addons\ofxAssimpModelLoader\libs\assimp\include\assimp</Filter>
    </ClInclude>
    <ClInclude Include="..\..\ofxAssimpModelLoader\libs\assimp\assimp\include\assimp\Compiler\pstdint.h">
      <Filter>addons\ofxAssimpModelLoader\libs\assimp\include\assimp\Compiler</Filter>
    </ClInclude>
    <ClInclude Include="..\..\ofxAssimpModelLoader\libs\assimp\assimp\include\assimp\Compiler\pushpack1.h">
      <Filter>addons\ofxAssimpModelLoader\libs\assimp\include\assimp\Compiler</Filter>
    </ClInclude>
    <ClInclude Include="..\..\ofxAssimpModelLoader\libs\assimp\assimp\include\assimp\Compiler\poppack1.h">
      <Filter>addons\ofxAssimpModelLoader\libs\assimp\include\assimp\Compiler</Filter>
    </ClInclude>
    <ClInclude Include="src\Markers.h">
      <Filter>src</Filter>
    </ClInclude>
    <ClInclude Include="src\Mesh.h">
      <Filter>src</Filter>
    </ClInclude>
    <ClInclude Include="src\GroupSolve.h">
      <Filter>src</Filter>
    </ClInclude>
    <ClInclude Include="src\DMX\Channel.h">
      <Filter>src\DMX</Filter>
    </ClInclude>
    <ClInclude Include="src\DMX\Fixture.h">
      <Filter>src\DMX</Filter>
    </ClInclude>
    <ClInclude Include="src\DMX\Types.h">
      <Filter>src\DMX</Filter>
    </ClInclude>
    <ClInclude Include="src\DMX\Sharpy.h">
      <Filter>src\DMX</Filter>
    </ClInclude>
    <ClInclude Include="src\DMX\EnttecUSBPro.h">
      <Filter>src\DMX</Filter>
    </ClInclude>
    <ClInclude Include="src\Calibration\Model.h">
      <Filter>src\Calibration</Filter>
    </ClInclude>
    <ClInclude Include="src\Calibration\Solver.h">
      <Filter>src\Calibration</Filter>
    </ClInclude>
    <ClInclude Include="src\Calibration\DataPoint.h">
      <Filter>src\Calibration</Filter>
    </ClInclude>
    <ClInclude Include="src\DMX\FixtureFactory.h">
      <Filter>src\DMX</Filter>
    </ClInclude>
    <ClInclude Include="src\DMX\Pointe.h">
      <Filter>src\DMX</Filter>
    </ClInclude>
    <ClInclude Include="..\..\ofxOsc\src\ofxOscBundle.h">
      <Filter>addons\ofxOsc\src</Filter>
    </ClInclude>
    <ClInclude Include="..\..\ofxOsc\src\ofxOscMessage.h">
      <Filter>addons\ofxOsc\src</Filter>
    </ClInclude>
    <ClInclude Include="..\..\ofxOsc\src\ofxOscParameterSync.h">
      <Filter>addons\ofxOsc\src</Filter>
    </ClInclude>
    <ClInclude Include="..\..\ofxOsc\src\ofxOscReceiver.h">
      <Filter>addons\ofxOsc\src</Filter>
    </ClInclude>
    <ClInclude Include="..\..\ofxOsc\src\ofxOscSender.h">
      <Filter>addons\ofxOsc\src</Filter>
    </ClInclude>
    <ClInclude Include="..\..\ofxOsc\src\ofxOsc.h">
      <Filter>addons\ofxOsc\src</Filter>
    </ClInclude>
    <ClInclude Include="..\..\ofxOsc\src\ofxOscArg.h">
      <Filter>addons\ofxOsc\src</Filter>
    </ClInclude>
    <ClInclude Include="..\..\ofxOsc\libs\oscpack\src\ip\IpEndpointName.h">
      <Filter>addons\ofxOsc\libs\oscpack\src\ip</Filter>
    </ClInclude>
    <ClInclude Include="..\..\ofxOsc\libs\oscpack\src\ip\NetworkingUtils.h">
      <Filter>addons\ofxOsc\libs\oscpack\src\ip</Filter>
    </ClInclude>
    <ClInclude Include="..\..\ofxOsc\libs\oscpack\src\ip\PacketListener.h">
      <Filter>addons\ofxOsc\libs\oscpack\src\ip</Filter>
    </ClInclude>
    <ClInclude Include="..\..\ofxOsc\libs\oscpack\src\ip\TimerListener.h">
      <Filter>addons\ofxOsc\libs\oscpack\src\ip</Filter>
    </ClInclude>
    <ClInclude Include="..\..\ofxOsc\libs\oscpack\src\ip\UdpSocket.h">
      <Filter>addons\ofxOsc\libs\oscpack\src\ip</Filter>
    </ClInclude>
    <ClInclude Include="..\..\ofxOsc\libs\oscpack\src\osc\OscReceivedElements.h">
      <Filter>addons\ofxOsc\libs\oscpack\src\osc</Filter>
    </ClInclude>
    <ClInclude Include="..\..\ofxOsc\libs\oscpack\src\osc\OscTypes.h">
      <Filter>addons\ofxOsc\libs\oscpack\src\osc</Filter>
    </ClInclude>
    <ClInclude Include="..\..\ofxOsc\libs\oscpack\src\osc\MessageMappingOscPacketListener.h">
      <Filter>addons\ofxOsc\libs\oscpack\src\osc</Filter>
    </ClInclude>
    <ClInclude Include="..\..\ofxOsc\libs\oscpack\src\osc\OscException.h">
      <Filter>addons\ofxOsc\libs\oscpack\src\osc</Filter>
    </ClInclude>
    <ClInclude Include="..\..\ofxOsc\libs\oscpack\src\osc\OscHostEndianness.h">
      <Filter>addons\ofxOsc\libs\oscpack\src\osc</Filter>
    </ClInclude>
    <ClInclude Include="..\..\ofxOsc\libs\oscpack\src\osc\OscOutboundPacketStream.h">
      <Filter>addons\ofxOsc\libs\oscpack\src\osc</Filter>
    </ClInclude>
    <ClInclude Include="..\..\ofxOsc\libs\oscpack\src\osc\OscPacketListener.h">
      <Filter>addons\ofxOsc\libs\oscpack\src\osc</Filter>
    </ClInclude>
    <ClInclude Include="..\..\ofxOsc\libs\oscpack\src\osc\OscPrintReceivedElements.h">
      <Filter>addons\ofxOsc\libs\oscpack\src\osc</Filter>
    </ClInclude>
    <ClInclude Include="src\GroupControl.h">
      <Filter>src</Filter>
    </ClInclude>
    <ClInclude Include="src\OSC\Path.h">
      <Filter>src\OSC</Filter>
    </ClInclude>
    <ClInclude Include="src\OSC\Router.h">
      <Filter>src\OSC</Filter>
    </ClInclude>
    <ClInclude Include="src\DMX\MovingHead.h">
      <Filter>src\DMX</Filter>
    </ClInclude>
    <ClInclude Include="src\MarkerInWorld.h">
      <Filter>src</Filter>
    </ClInclude>
    <ClInclude Include="src\DMX\VL6000.h">
      <Filter>src\DMX</Filter>
    </ClInclude>
    <ClInclude Include="src\DMX\VL10.h">
      <Filter>src\DMX</Filter>
    </ClInclude>
  </ItemGroup>
  <ItemGroup>
    <ResourceCompile Include="icon.rc" />
  </ItemGroup>
  <ItemGroup>
    <None Include="..\..\ofxAssimpModelLoader\libs\assimp\assimp\include\assimp\color4.inl">
      <Filter>addons\ofxAssimpModelLoader\libs\assimp\include\assimp</Filter>
    </None>
    <None Include="..\..\ofxAssimpModelLoader\libs\assimp\assimp\include\assimp\config.h.in">
      <Filter>addons\ofxAssimpModelLoader\libs\assimp\include\assimp</Filter>
    </None>
    <None Include="..\..\ofxAssimpModelLoader\libs\assimp\assimp\include\assimp\material.inl">
      <Filter>addons\ofxAssimpModelLoader\libs\assimp\include\assimp</Filter>
    </None>
    <None Include="..\..\ofxAssimpModelLoader\libs\assimp\assimp\include\assimp\matrix3x3.inl">
      <Filter>addons\ofxAssimpModelLoader\libs\assimp\include\assimp</Filter>
    </None>
    <None Include="..\..\ofxAssimpModelLoader\libs\assimp\assimp\include\assimp\matrix4x4.inl">
      <Filter>addons\ofxAssimpModelLoader\libs\assimp\include\assimp</Filter>
    </None>
    <None Include="..\..\ofxAssimpModelLoader\libs\assimp\assimp\include\assimp\quaternion.inl">
      <Filter>addons\ofxAssimpModelLoader\libs\assimp\include\assimp</Filter>
    </None>
    <None Include="..\..\ofxAssimpModelLoader\libs\assimp\assimp\include\assimp\vector2.inl">
      <Filter>addons\ofxAssimpModelLoader\libs\assimp\include\assimp</Filter>
    </None>
    <None Include="..\..\ofxAssimpModelLoader\libs\assimp\assimp\include\assimp\vector3.inl">
      <Filter>addons\ofxAssimpModelLoader\libs\assimp\include\assimp</Filter>
    </None>
  </ItemGroup>
</Project>