<?xml version="1.0" encoding="utf-8"?>
<Project ToolsVersion="4.0" xmlns="http://schemas.microsoft.com/developer/msbuild/2003">
  <ItemGroup>
    <ClCompile Include="src\ofApp.cpp">
      <Filter>src</Filter>
    </ClCompile>
    <ClCompile Include="src\main.cpp">
      <Filter>src</Filter>
    </ClCompile>
    <ClCompile Include="src\pch_ofApp.cpp">
      <Filter>src</Filter>
    </ClCompile>
    <ClCompile Include="src\Data\MovingHeadDataPoint.cpp">
      <Filter>src\Data</Filter>
    </ClCompile>
    <ClCompile Include="src\Data\Serializable.cpp">
      <Filter>src\Data</Filter>
    </ClCompile>
    <ClCompile Include="src\Data\AbstractCalibrationPointSet.cpp">
      <Filter>src\Data</Filter>
    </ClCompile>
    <ClCompile Include="src\Data\AbstractCalibrationPoint.cpp">
      <Filter>src\Data</Filter>
    </ClCompile>
    <ClCompile Include="src\MovingHead.cpp">
      <Filter>src</Filter>
    </ClCompile>
    <ClCompile Include="src\Widgets\PanTiltTrackpad.cpp">
      <Filter>src\Widgets</Filter>
    </ClCompile>
    <ClCompile Include="src\Scene.cpp">
      <Filter>src</Filter>
    </ClCompile>
    <ClCompile Include="src\Exception.cpp">
      <Filter>src</Filter>
    </ClCompile>
    <ClCompile Include="src\Marker.cpp">
      <Filter>src</Filter>
    </ClCompile>
    <ClCompile Include="..\..\ofxAssimpModelLoader\src\ofxAssimpMeshHelper.cpp">
      <Filter>addons\ofxAssimpModelLoader\src</Filter>
    </ClCompile>
    <ClCompile Include="..\..\ofxAssimpModelLoader\src\ofxAssimpModelLoader.cpp">
      <Filter>addons\ofxAssimpModelLoader\src</Filter>
    </ClCompile>
    <ClCompile Include="..\..\ofxAssimpModelLoader\src\ofxAssimpTexture.cpp">
      <Filter>addons\ofxAssimpModelLoader\src</Filter>
    </ClCompile>
    <ClCompile Include="..\..\ofxAssimpModelLoader\src\ofxAssimpAnimation.cpp">
      <Filter>addons\ofxAssimpModelLoader\src</Filter>
    </ClCompile>
    <ClCompile Include="src\Markers.cpp">
      <Filter>src</Filter>
    </ClCompile>
    <ClCompile Include="src\Mesh.cpp">
      <Filter>src</Filter>
    </ClCompile>
    <ClCompile Include="src\GroupSolve.cpp">
      <Filter>src</Filter>
    </ClCompile>
    <ClCompile Include="src\DMX\Channel.cpp">
      <Filter>src\DMX</Filter>
    </ClCompile>
    <ClCompile Include="src\DMX\Fixture.cpp">
      <Filter>src\DMX</Filter>
    </ClCompile>
    <ClCompile Include="src\DMX\MovingHead.cpp">
      <Filter>src\DMX</Filter>
    </ClCompile>
    <ClCompile Include="src\DMX\Sharpy.cpp">
      <Filter>src\DMX</Filter>
    </ClCompile>
    <ClCompile Include="..\..\ofxDmx\src\ofxDmx.cpp">
      <Filter>addons\ofxDmx</Filter>
    </ClCompile>
    <ClCompile Include="src\DMX\EntecUSBPro.cpp">
      <Filter>src\DMX</Filter>
    </ClCompile>
  </ItemGroup>
  <ItemGroup>
    <Filter Include="src">
      <UniqueIdentifier>{d8376475-7454-4a24-b08a-aac121d3ad6f}</UniqueIdentifier>
    </Filter>
    <Filter Include="addons">
      <UniqueIdentifier>{ed21f078-c663-41cf-9349-9f5b5b93c06a}</UniqueIdentifier>
    </Filter>
    <Filter Include="src\Data">
      <UniqueIdentifier>{7e929f45-bc70-42b7-9c9e-4517a8e0f787}</UniqueIdentifier>
    </Filter>
    <Filter Include="src\Widgets">
      <UniqueIdentifier>{9c6b5dbf-177c-4be5-b0e5-1e3524567ccf}</UniqueIdentifier>
    </Filter>
    <Filter Include="addons\ofxAssimpModelLoader">
      <UniqueIdentifier>{07a0b9e1-f0a2-4ecc-a294-166baf8e9965}</UniqueIdentifier>
    </Filter>
    <Filter Include="addons\ofxAssimpModelLoader\src">
      <UniqueIdentifier>{7048e973-f783-4c1e-925b-8b011eb4bb48}</UniqueIdentifier>
    </Filter>
    <Filter Include="addons\ofxAssimpModelLoader\libs">
      <UniqueIdentifier>{72eae029-2047-477d-8660-46cd2b323cb7}</UniqueIdentifier>
    </Filter>
    <Filter Include="addons\ofxAssimpModelLoader\libs\assimp">
      <UniqueIdentifier>{81b86f1e-cb48-4839-8361-c83c6e609ce3}</UniqueIdentifier>
    </Filter>
    <Filter Include="addons\ofxAssimpModelLoader\libs\assimp\include">
      <UniqueIdentifier>{6b352e46-a914-4fd7-a31e-4b452ff38c69}</UniqueIdentifier>
    </Filter>
    <Filter Include="addons\ofxAssimpModelLoader\libs\assimp\include\assimp">
      <UniqueIdentifier>{80a4a7f7-73ce-4e95-9fc2-874bbe16d634}</UniqueIdentifier>
    </Filter>
    <Filter Include="addons\ofxAssimpModelLoader\libs\assimp\include\assimp\Compiler">
      <UniqueIdentifier>{a90f9e08-bd91-42ff-8ec8-69f0cc01c473}</UniqueIdentifier>
    </Filter>
    <Filter Include="src\DMX">
      <UniqueIdentifier>{493d3037-0c96-40be-b99f-7af456d13334}</UniqueIdentifier>
    </Filter>
    <Filter Include="addons\ofxDmx">
      <UniqueIdentifier>{906c4f32-5129-4dbc-ab8b-02a485769c0e}</UniqueIdentifier>
    </Filter>
  </ItemGroup>
  <ItemGroup>
    <ClInclude Include="src\ofApp.h">
      <Filter>src</Filter>
    </ClInclude>
    <ClInclude Include="src\pch_ofApp.h">
      <Filter>src</Filter>
    </ClInclude>
    <ClInclude Include="src\Data\MovingHeadDataPoint.h">
      <Filter>src\Data</Filter>
    </ClInclude>
    <ClInclude Include="src\Data\Serializable.h">
      <Filter>src\Data</Filter>
    </ClInclude>
    <ClInclude Include="src\Data\AbstractCalibrationPointSet.h">
      <Filter>src\Data</Filter>
    </ClInclude>
    <ClInclude Include="src\Data\CalibrationPointSet.h">
      <Filter>src\Data</Filter>
    </ClInclude>
    <ClInclude Include="src\Data\AbstractCalibrationPoint.h">
      <Filter>src\Data</Filter>
    </ClInclude>
    <ClInclude Include="src\MovingHead.h">
      <Filter>src</Filter>
    </ClInclude>
    <ClInclude Include="src\Widgets\PanTiltTrackpad.h">
      <Filter>src\Widgets</Filter>
    </ClInclude>
    <ClInclude Include="src\Scene.h">
      <Filter>src</Filter>
    </ClInclude>
    <ClInclude Include="src\Exception.h">
      <Filter>src</Filter>
    </ClInclude>
    <ClInclude Include="src\Marker.h">
      <Filter>src</Filter>
    </ClInclude>
    <ClInclude Include="..\..\ofxAssimpModelLoader\src\ofxAssimpAnimation.h">
      <Filter>addons\ofxAssimpModelLoader\src</Filter>
    </ClInclude>
    <ClInclude Include="..\..\ofxAssimpModelLoader\src\ofxAssimpMeshHelper.h">
      <Filter>addons\ofxAssimpModelLoader\src</Filter>
    </ClInclude>
    <ClInclude Include="..\..\ofxAssimpModelLoader\src\ofxAssimpModelLoader.h">
      <Filter>addons\ofxAssimpModelLoader\src</Filter>
    </ClInclude>
    <ClInclude Include="..\..\ofxAssimpModelLoader\src\ofxAssimpTexture.h">
      <Filter>addons\ofxAssimpModelLoader\src</Filter>
    </ClInclude>
    <ClInclude Include="..\..\ofxAssimpModelLoader\src\ofxAssimpUtils.h">
      <Filter>addons\ofxAssimpModelLoader\src</Filter>
    </ClInclude>
    <ClInclude Include="..\..\ofxAssimpModelLoader\libs\assimp\assimp\include\assimp\cexport.h">
      <Filter>addons\ofxAssimpModelLoader\libs\assimp\include\assimp</Filter>
    </ClInclude>
    <ClInclude Include="..\..\ofxAssimpModelLoader\libs\assimp\assimp\include\assimp\cfileio.h">
      <Filter>addons\ofxAssimpModelLoader\libs\assimp\include\assimp</Filter>
    </ClInclude>
    <ClInclude Include="..\..\ofxAssimpModelLoader\libs\assimp\assimp\include\assimp\cimport.h">
      <Filter>addons\ofxAssimpModelLoader\libs\assimp\include\assimp</Filter>
    </ClInclude>
    <ClInclude Include="..\..\ofxAssimpModelLoader\libs\assimp\assimp\include\assimp\color4.h">
      <Filter>addons\ofxAssimpModelLoader\libs\assimp\include\assimp</Filter>
    </ClInclude>
    <ClInclude Include="..\..\ofxAssimpModelLoader\libs\assimp\assimp\include\assimp\config.h">
      <Filter>addons\ofxAssimpModelLoader\libs\assimp\include\assimp</Filter>
    </ClInclude>
    <ClInclude Include="..\..\ofxAssimpModelLoader\libs\assimp\assimp\include\assimp\DefaultIOStream.h">
      <Filter>addons\ofxAssimpModelLoader\libs\assimp\include\assimp</Filter>
    </ClInclude>
    <ClInclude Include="..\..\ofxAssimpModelLoader\libs\assimp\assimp\include\assimp\DefaultIOSystem.h">
      <Filter>addons\ofxAssimpModelLoader\libs\assimp\include\assimp</Filter>
    </ClInclude>
    <ClInclude Include="..\..\ofxAssimpModelLoader\libs\assimp\assimp\include\assimp\DefaultLogger.hpp">
      <Filter>addons\ofxAssimpModelLoader\libs\assimp\include\assimp</Filter>
    </ClInclude>
    <ClInclude Include="..\..\ofxAssimpModelLoader\libs\assimp\assimp\include\assimp\Defines.h">
      <Filter>addons\ofxAssimpModelLoader\libs\assimp\include\assimp</Filter>
    </ClInclude>
    <ClInclude Include="..\..\ofxAssimpModelLoader\libs\assimp\assimp\include\assimp\defs.h">
      <Filter>addons\ofxAssimpModelLoader\libs\assimp\include\assimp</Filter>
    </ClInclude>
    <ClInclude Include="..\..\ofxAssimpModelLoader\libs\assimp\assimp\include\assimp\Exporter.hpp">
      <Filter>addons\ofxAssimpModelLoader\libs\assimp\include\assimp</Filter>
    </ClInclude>
    <ClInclude Include="..\..\ofxAssimpModelLoader\libs\assimp\assimp\include\assimp\Importer.hpp">
      <Filter>addons\ofxAssimpModelLoader\libs\assimp\include\assimp</Filter>
    </ClInclude>
    <ClInclude Include="..\..\ofxAssimpModelLoader\libs\assimp\assimp\include\assimp\importerdesc.h">
      <Filter>addons\ofxAssimpModelLoader\libs\assimp\include\assimp</Filter>
    </ClInclude>
    <ClInclude Include="..\..\ofxAssimpModelLoader\libs\assimp\assimp\include\assimp\IOStream.hpp">
      <Filter>addons\ofxAssimpModelLoader\libs\assimp\include\assimp</Filter>
    </ClInclude>
    <ClInclude Include="..\..\ofxAssimpModelLoader\libs\assimp\assimp\include\assimp\IOSystem.hpp">
      <Filter>addons\ofxAssimpModelLoader\libs\assimp\include\assimp</Filter>
    </ClInclude>
    <ClInclude Include="..\..\ofxAssimpModelLoader\libs\assimp\assimp\include\assimp\light.h">
      <Filter>addons\ofxAssimpModelLoader\libs\assimp\include\assimp</Filter>
    </ClInclude>
    <ClInclude Include="..\..\ofxAssimpModelLoader\libs\assimp\assimp\include\assimp\Logger.hpp">
      <Filter>addons\ofxAssimpModelLoader\libs\assimp\include\assimp</Filter>
    </ClInclude>
    <ClInclude Include="..\..\ofxAssimpModelLoader\libs\assimp\assimp\include\assimp\LogStream.hpp">
      <Filter>addons\ofxAssimpModelLoader\libs\assimp\include\assimp</Filter>
    </ClInclude>
    <ClInclude Include="..\..\ofxAssimpModelLoader\libs\assimp\assimp\include\assimp\material.h">
      <Filter>addons\ofxAssimpModelLoader\libs\assimp\include\assimp</Filter>
    </ClInclude>
    <ClInclude Include="..\..\ofxAssimpModelLoader\libs\assimp\assimp\include\assimp\matrix3x3.h">
      <Filter>addons\ofxAssimpModelLoader\libs\assimp\include\assimp</Filter>
    </ClInclude>
    <ClInclude Include="..\..\ofxAssimpModelLoader\libs\assimp\assimp\include\assimp\matrix4x4.h">
      <Filter>addons\ofxAssimpModelLoader\libs\assimp\include\assimp</Filter>
    </ClInclude>
    <ClInclude Include="..\..\ofxAssimpModelLoader\libs\assimp\assimp\include\assimp\mesh.h">
      <Filter>addons\ofxAssimpModelLoader\libs\assimp\include\assimp</Filter>
    </ClInclude>
    <ClInclude Include="..\..\ofxAssimpModelLoader\libs\assimp\assimp\include\assimp\metadata.h">
      <Filter>addons\ofxAssimpModelLoader\libs\assimp\include\assimp</Filter>
    </ClInclude>
    <ClInclude Include="..\..\ofxAssimpModelLoader\libs\assimp\assimp\include\assimp\NullLogger.hpp">
      <Filter>addons\ofxAssimpModelLoader\libs\assimp\include\assimp</Filter>
    </ClInclude>
    <ClInclude Include="..\..\ofxAssimpModelLoader\libs\assimp\assimp\include\assimp\postprocess.h">
      <Filter>addons\ofxAssimpModelLoader\libs\assimp\include\assimp</Filter>
    </ClInclude>
    <ClInclude Include="..\..\ofxAssimpModelLoader\libs\assimp\assimp\include\assimp\ProgressHandler.hpp">
      <Filter>addons\ofxAssimpModelLoader\libs\assimp\include\assimp</Filter>
    </ClInclude>
    <ClInclude Include="..\..\ofxAssimpModelLoader\libs\assimp\assimp\include\assimp\quaternion.h">
      <Filter>addons\ofxAssimpModelLoader\libs\assimp\include\assimp</Filter>
    </ClInclude>
    <ClInclude Include="..\..\ofxAssimpModelLoader\libs\assimp\assimp\include\assimp\scene.h">
      <Filter>addons\ofxAssimpModelLoader\libs\assimp\include\assimp</Filter>
    </ClInclude>
    <ClInclude Include="..\..\ofxAssimpModelLoader\libs\assimp\assimp\include\assimp\SceneCombiner.h">
      <Filter>addons\ofxAssimpModelLoader\libs\assimp\include\assimp</Filter>
    </ClInclude>
    <ClInclude Include="..\..\ofxAssimpModelLoader\libs\assimp\assimp\include\assimp\texture.h">
      <Filter>addons\ofxAssimpModelLoader\libs\assimp\include\assimp</Filter>
    </ClInclude>
    <ClInclude Include="..\..\ofxAssimpModelLoader\libs\assimp\assimp\include\assimp\types.h">
      <Filter>addons\ofxAssimpModelLoader\libs\assimp\include\assimp</Filter>
    </ClInclude>
    <ClInclude Include="..\..\ofxAssimpModelLoader\libs\assimp\assimp\include\assimp\vector2.h">
      <Filter>addons\ofxAssimpModelLoader\libs\assimp\include\assimp</Filter>
    </ClInclude>
    <ClInclude Include="..\..\ofxAssimpModelLoader\libs\assimp\assimp\include\assimp\vector3.h">
      <Filter>addons\ofxAssimpModelLoader\libs\assimp\include\assimp</Filter>
    </ClInclude>
    <ClInclude Include="..\..\ofxAssimpModelLoader\libs\assimp\assimp\include\assimp\version.h">
      <Filter>addons\ofxAssimpModelLoader\libs\assimp\include\assimp</Filter>
    </ClInclude>
    <ClInclude Include="..\..\ofxAssimpModelLoader\libs\assimp\assimp\include\assimp\ai_assert.h">
      <Filter>addons\ofxAssimpModelLoader\libs\assimp\include\assimp</Filter>
    </ClInclude>
    <ClInclude Include="..\..\ofxAssimpModelLoader\libs\assimp\assimp\include\assimp\anim.h">
      <Filter>addons\ofxAssimpModelLoader\libs\assimp\include\assimp</Filter>
    </ClInclude>
    <ClInclude Include="..\..\ofxAssimpModelLoader\libs\assimp\assimp\include\assimp\camera.h">
      <Filter>addons\ofxAssimpModelLoader\libs\assimp\include\assimp</Filter>
    </ClInclude>
    <ClInclude Include="..\..\ofxAssimpModelLoader\libs\assimp\assimp\include\assimp\Compiler\pstdint.h">
      <Filter>addons\ofxAssimpModelLoader\libs\assimp\include\assimp\Compiler</Filter>
    </ClInclude>
    <ClInclude Include="..\..\ofxAssimpModelLoader\libs\assimp\assimp\include\assimp\Compiler\pushpack1.h">
      <Filter>addons\ofxAssimpModelLoader\libs\assimp\include\assimp\Compiler</Filter>
    </ClInclude>
    <ClInclude Include="..\..\ofxAssimpModelLoader\libs\assimp\assimp\include\assimp\Compiler\poppack1.h">
      <Filter>addons\ofxAssimpModelLoader\libs\assimp\include\assimp\Compiler</Filter>
    </ClInclude>
    <ClInclude Include="src\Markers.h">
      <Filter>src</Filter>
    </ClInclude>
    <ClInclude Include="src\Mesh.h">
      <Filter>src</Filter>
    </ClInclude>
    <ClInclude Include="src\GroupSolve.h">
      <Filter>src</Filter>
    </ClInclude>
    <ClInclude Include="src\DMX\Channel.h">
      <Filter>src\DMX</Filter>
    </ClInclude>
    <ClInclude Include="src\DMX\Fixture.h">
      <Filter>src\DMX</Filter>
    </ClInclude>
    <ClInclude Include="src\DMX\Types.h">
      <Filter>src\DMX</Filter>
    </ClInclude>
    <ClInclude Include="src\DMX\MovingHead.h">
      <Filter>src\DMX</Filter>
    </ClInclude>
    <ClInclude Include="src\DMX\Sharpy.h">
      <Filter>src\DMX</Filter>
    </ClInclude>
    <ClInclude Include="..\..\ofxDmx\src\ofxDmx.h">
      <Filter>addons\ofxDmx</Filter>
    </ClInclude>
    <ClInclude Include="src\DMX\EntecUSBPro.h">
      <Filter>src\DMX</Filter>
    </ClInclude>
  </ItemGroup>
  <ItemGroup>
    <ResourceCompile Include="icon.rc" />
  </ItemGroup>
  <ItemGroup>
    <None Include="..\..\ofxAssimpModelLoader\libs\assimp\assimp\include\assimp\color4.inl">
      <Filter>addons\ofxAssimpModelLoader\libs\assimp\include\assimp</Filter>
    </None>
    <None Include="..\..\ofxAssimpModelLoader\libs\assimp\assimp\include\assimp\config.h.in">
      <Filter>addons\ofxAssimpModelLoader\libs\assimp\include\assimp</Filter>
    </None>
    <None Include="..\..\ofxAssimpModelLoader\libs\assimp\assimp\include\assimp\material.inl">
      <Filter>addons\ofxAssimpModelLoader\libs\assimp\include\assimp</Filter>
    </None>
    <None Include="..\..\ofxAssimpModelLoader\libs\assimp\assimp\include\assimp\matrix3x3.inl">
      <Filter>addons\ofxAssimpModelLoader\libs\assimp\include\assimp</Filter>
    </None>
    <None Include="..\..\ofxAssimpModelLoader\libs\assimp\assimp\include\assimp\matrix4x4.inl">
      <Filter>addons\ofxAssimpModelLoader\libs\assimp\include\assimp</Filter>
    </None>
    <None Include="..\..\ofxAssimpModelLoader\libs\assimp\assimp\include\assimp\quaternion.inl">
      <Filter>addons\ofxAssimpModelLoader\libs\assimp\include\assimp</Filter>
    </None>
    <None Include="..\..\ofxAssimpModelLoader\libs\assimp\assimp\include\assimp\vector2.inl">
      <Filter>addons\ofxAssimpModelLoader\libs\assimp\include\assimp</Filter>
    </None>
    <None Include="..\..\ofxAssimpModelLoader\libs\assimp\assimp\include\assimp\vector3.inl">
      <Filter>addons\ofxAssimpModelLoader\libs\assimp\include\assimp</Filter>
    </None>
  </ItemGroup>
</Project>